
Microsoft Visual Studio Solution File, Format Version 12.00
# Visual Studio Version 16
VisualStudioVersion = 16.0.30621.155
MinimumVisualStudioVersion = 10.0.40219.1
Project("{FAE04EC0-301F-11D3-BF4B-00C04F79EFBC}") = "Harry Potter", "Harry Potter\Harry Potter.csproj", "{9DDE30A4-334E-4C6F-A7DA-5F55DA695A61}"
EndProject
Global
	GlobalSection(SolutionConfigurationPlatforms) = preSolution
		Debug|Any CPU = Debug|Any CPU
		Release|Any CPU = Release|Any CPU
	EndGlobalSection
	GlobalSection(ProjectConfigurationPlatforms) = postSolution
		{9DDE30A4-334E-4C6F-A7DA-5F55DA695A61}.Debug|Any CPU.ActiveCfg = Debug|Any CPU
		{9DDE30A4-334E-4C6F-A7DA-5F55DA695A61}.Debug|Any CPU.Build.0 = Debug|Any CPU
		{9DDE30A4-334E-4C6F-A7DA-5F55DA695A61}.Release|Any CPU.ActiveCfg = Release|Any CPU
		{9DDE30A4-334E-4C6F-A7DA-5F55DA695A61}.Release|Any CPU.Build.0 = Release|Any CPU
	EndGlobalSection
	GlobalSection(SolutionProperties) = preSolution
		HideSolutionNode = FALSE
	EndGlobalSection
	GlobalSection(ExtensibilityGlobals) = postSolution
		SolutionGuid = {A8C46D52-4071-470B-A576-E830AA69E9BD}
	EndGlobalSection
EndGlobal
